
Microsoft Visual Studio Solution File, Format Version 12.00
# Visual Studio Version 17
VisualStudioVersion = 17.11.35303.130
MinimumVisualStudioVersion = 10.0.40219.1
Project("{FAE04EC0-301F-11D3-BF4B-00C04F79EFBC}") = "ProblemSolving", "ProblemSolving\ProblemSolving.csproj", "{191F5C81-0D22-4F6A-980C-CC2BE0D7BE55}"
EndProject
Project("{FAE04EC0-301F-11D3-BF4B-00C04F79EFBC}") = "LeetCode75", "LeetCode75\LeetCode75.csproj", "{24D58F17-5BA7-4186-B26F-888EA295422F}"
EndProject
Global
	GlobalSection(SolutionConfigurationPlatforms) = preSolution
		Debug|Any CPU = Debug|Any CPU
		Release|Any CPU = Release|Any CPU
	EndGlobalSection
	GlobalSection(ProjectConfigurationPlatforms) = postSolution
		{191F5C81-0D22-4F6A-980C-CC2BE0D7BE55}.Debug|Any CPU.ActiveCfg = Debug|Any CPU
		{191F5C81-0D22-4F6A-980C-CC2BE0D7BE55}.Debug|Any CPU.Build.0 = Debug|Any CPU
		{191F5C81-0D22-4F6A-980C-CC2BE0D7BE55}.Release|Any CPU.ActiveCfg = Release|Any CPU
		{191F5C81-0D22-4F6A-980C-CC2BE0D7BE55}.Release|Any CPU.Build.0 = Release|Any CPU
		{24D58F17-5BA7-4186-B26F-888EA295422F}.Debug|Any CPU.ActiveCfg = Debug|Any CPU
		{24D58F17-5BA7-4186-B26F-888EA295422F}.Debug|Any CPU.Build.0 = Debug|Any CPU
		{24D58F17-5BA7-4186-B26F-888EA295422F}.Release|Any CPU.ActiveCfg = Release|Any CPU
		{24D58F17-5BA7-4186-B26F-888EA295422F}.Release|Any CPU.Build.0 = Release|Any CPU
	EndGlobalSection
	GlobalSection(SolutionProperties) = preSolution
		HideSolutionNode = FALSE
	EndGlobalSection
	GlobalSection(ExtensibilityGlobals) = postSolution
		SolutionGuid = {0E445D2C-70A1-46A6-9D3C-DD6A013CB123}
	EndGlobalSection
EndGlobal
